<?xml version="1.0" encoding="utf-8"?>
<Project ToolsVersion="4.0" xmlns="http://schemas.microsoft.com/developer/msbuild/2003">
  <ItemGroup>
    <Filter Include="Source Files">
      <UniqueIdentifier>{11adb697-ea11-424c-b725-b34a5ab1d5fd}</UniqueIdentifier>
      <Extensions>cpp;c;cxx;rc;def;r;odl;idl;hpj;bat</Extensions>
    </Filter>
    <Filter Include="Header Files">
      <UniqueIdentifier>{bdc19d6b-21a1-4c31-a5db-0dd2e88f923e}</UniqueIdentifier>
      <Extensions>h;hpp;hxx;hm;inl</Extensions>
    </Filter>
  </ItemGroup>
  <ItemGroup>
    <ClCompile Include="ECommentPane.cpp">
      <Filter>Source Files</Filter>
    </ClCompile>
    <ClCompile Include="EGridCtrl.cpp">
      <Filter>Source Files</Filter>
    </ClCompile>
    <ClCompile Include="EGridView.cpp">
      <Filter>Source Files</Filter>
    </ClCompile>
    <ClCompile Include="EIconTextButtonProperty.cpp">
      <Filter>Source Files</Filter>
    </ClCompile>
    <ClCompile Include="EPropCtrl.cpp">
      <Filter>Source Files</Filter>
    </ClCompile>
    <ClCompile Include="EProperty.cpp">
      <Filter>Source Files</Filter>
    </ClCompile>
    <ClCompile Include="EPropertyCheck.cpp">
      <Filter>Source Files</Filter>
    </ClCompile>
    <ClCompile Include="EPropertyColor.cpp">
      <Filter>Source Files</Filter>
    </ClCompile>
    <ClCompile Include="EPropertyCombo.cpp">
      <Filter>Source Files</Filter>
    </ClCompile>
    <ClCompile Include="EPropertyDir.cpp">
      <Filter>Source Files</Filter>
    </ClCompile>
    <ClCompile Include="EPropertyDouble.cpp">
      <Filter>Source Files</Filter>
    </ClCompile>
    <ClCompile Include="EPropertyFile.cpp">
      <Filter>Source Files</Filter>
    </ClCompile>
    <ClCompile Include="EPropertyFloat.cpp">
      <Filter>Source Files</Filter>
    </ClCompile>
    <ClCompile Include="EPropertyFont.cpp">
      <Filter>Source Files</Filter>
    </ClCompile>
    <ClCompile Include="EPropertyInt.cpp">
      <Filter>Source Files</Filter>
    </ClCompile>
    <ClCompile Include="EPropertySeparator.cpp">
      <Filter>Source Files</Filter>
    </ClCompile>
    <ClCompile Include="EPropertyString.cpp">
      <Filter>Source Files</Filter>
    </ClCompile>
    <ClCompile Include="EPropertyTextblock.cpp">
      <Filter>Source Files</Filter>
    </ClCompile>
    <ClCompile Include="EPropertyTextblockWindow.cpp">
      <Filter>Source Files</Filter>
    </ClCompile>
    <ClCompile Include="EPropList.cpp">
      <Filter>Source Files</Filter>
    </ClCompile>
    <ClCompile Include="EPropListCtrl.cpp">
      <Filter>Source Files</Filter>
    </ClCompile>
    <ClCompile Include="EPropView.cpp">
      <Filter>Source Files</Filter>
    </ClCompile>
    <ClCompile Include="EPropWnd.cpp">
      <Filter>Source Files</Filter>
    </ClCompile>
    <ClCompile Include="EPropWndEdit.cpp">
      <Filter>Source Files</Filter>
    </ClCompile>
    <ClCompile Include="EXMenu.cpp">
      <Filter>Source Files</Filter>
    </ClCompile>
    <ClCompile Include="EXTreeCtrl.cpp">
      <Filter>Source Files</Filter>
    </ClCompile>
    <ClCompile Include="EXTreeView.cpp">
      <Filter>Source Files</Filter>
    </ClCompile>
    <ClCompile Include="EXWaitingTreeCtrl.cpp">
      <Filter>Source Files</Filter>
    </ClCompile>
    <ClCompile Include="HoverButton.cpp">
      <Filter>Source Files</Filter>
    </ClCompile>
    <ClCompile Include="SetRawPixels.cpp">
      <Filter>Source Files</Filter>
    </ClCompile>
    <ClCompile Include="StdAfx.cpp">
      <Filter>Source Files</Filter>
    </ClCompile>
  </ItemGroup>
  <ItemGroup>
    <ClInclude Include="CheckOff.h">
      <Filter>Header Files</Filter>
    </ClInclude>
    <ClInclude Include="CheckOffDisabled.h">
      <Filter>Header Files</Filter>
    </ClInclude>
    <ClInclude Include="CheckOn.h">
      <Filter>Header Files</Filter>
    </ClInclude>
    <ClInclude Include="CheckOnDisabled.h">
      <Filter>Header Files</Filter>
    </ClInclude>
    <ClInclude Include="ECommentPane.h">
      <Filter>Header Files</Filter>
    </ClInclude>
    <ClInclude Include="EGridCtrl.h">
      <Filter>Header Files</Filter>
    </ClInclude>
    <ClInclude Include="EGridView.h">
      <Filter>Header Files</Filter>
    </ClInclude>
    <ClInclude Include="EIconTextButtonProperty.h">
      <Filter>Header Files</Filter>
    </ClInclude>
    <ClInclude Include="EPropCtrl.h">
      <Filter>Header Files</Filter>
    </ClInclude>
    <ClInclude Include="EProperty.h">
      <Filter>Header Files</Filter>
    </ClInclude>
    <ClInclude Include="EPropertyCheck.h">
      <Filter>Header Files</Filter>
    </ClInclude>
    <ClInclude Include="EPropertyColor.h">
      <Filter>Header Files</Filter>
    </ClInclude>
    <ClInclude Include="EPropertyCombo.h">
      <Filter>Header Files</Filter>
    </ClInclude>
    <ClInclude Include="EPropertyDir.h">
      <Filter>Header Files</Filter>
    </ClInclude>
    <ClInclude Include="EPropertyDouble.h">
      <Filter>Header Files</Filter>
    </ClInclude>
    <ClInclude Include="EPropertyFile.h">
      <Filter>Header Files</Filter>
    </ClInclude>
    <ClInclude Include="EPropertyFloat.h">
      <Filter>Header Files</Filter>
    </ClInclude>
    <ClInclude Include="EPropertyFont.h">
      <Filter>Header Files</Filter>
    </ClInclude>
    <ClInclude Include="EPropertyInt.h">
      <Filter>Header Files</Filter>
    </ClInclude>
    <ClInclude Include="EPropertySeparator.h">
      <Filter>Header Files</Filter>
    </ClInclude>
    <ClInclude Include="EPropertyString.h">
      <Filter>Header Files</Filter>
    </ClInclude>
    <ClInclude Include="EPropertyTextblock.h">
      <Filter>Header Files</Filter>
    </ClInclude>
    <ClInclude Include="EPropertyTextblockWindow.h">
      <Filter>Header Files</Filter>
    </ClInclude>
    <ClInclude Include="EPropList.h">
      <Filter>Header Files</Filter>
    </ClInclude>
    <ClInclude Include="EPropListCtrl.h">
      <Filter>Header Files</Filter>
    </ClInclude>
    <ClInclude Include="EPropView.h">
      <Filter>Header Files</Filter>
    </ClInclude>
    <ClInclude Include="EPropWnd.h">
      <Filter>Header Files</Filter>
    </ClInclude>
    <ClInclude Include="EPropWndEdit.h">
      <Filter>Header Files</Filter>
    </ClInclude>
    <ClInclude Include="EXMenu.h">
      <Filter>Header Files</Filter>
    </ClInclude>
    <ClInclude Include="EXTreeCtrl.h">
      <Filter>Header Files</Filter>
    </ClInclude>
    <ClInclude Include="EXTreeView.h">
      <Filter>Header Files</Filter>
    </ClInclude>
    <ClInclude Include="EXWaitingTreeCtrl.h">
      <Filter>Header Files</Filter>
    </ClInclude>
    <ClInclude Include="HoverButton.h">
      <Filter>Header Files</Filter>
    </ClInclude>
    <ClInclude Include="IGridRow.h">
      <Filter>Header Files</Filter>
    </ClInclude>
    <ClInclude Include="IPropertyChangeListener.h">
      <Filter>Header Files</Filter>
    </ClInclude>
    <ClInclude Include="IPropertyHost.h">
      <Filter>Header Files</Filter>
    </ClInclude>
    <ClInclude Include="IRowList.h">
      <Filter>Header Files</Filter>
    </ClInclude>
    <ClInclude Include="IXTreeItem.h">
      <Filter>Header Files</Filter>
    </ClInclude>
    <ClInclude Include="MinimizeBitmaps52x13.h">
      <Filter>Header Files</Filter>
    </ClInclude>
    <ClInclude Include="NodeClosed.h">
      <Filter>Header Files</Filter>
    </ClInclude>
    <ClInclude Include="NodeOpen.h">
      <Filter>Header Files</Filter>
    </ClInclude>
    <ClInclude Include="SetRawPixels.h">
      <Filter>Header Files</Filter>
    </ClInclude>
    <ClInclude Include="StdAfx.h">
      <Filter>Header Files</Filter>
    </ClInclude>
  </ItemGroup>
  <ItemGroup>
    <CustomBuild Include="Todo.txt" />
    <CustomBuild Include="Usage.txt" />
  </ItemGroup>
</Project>